
Microsoft Visual Studio Solution File, Format Version 12.00
# Visual Studio 15
VisualStudioVersion = 15.0.28307.1022
MinimumVisualStudioVersion = 10.0.40219.1
Project("{FAE04EC0-301F-11D3-BF4B-00C04F79EFBC}") = "Program_4_Opciones", "Program_4_Opciones\Program_4_Opciones.csproj", "{AB7224F6-6FF7-4B80-90C7-259065FF7B32}"
EndProject
Global
	GlobalSection(SolutionConfigurationPlatforms) = preSolution
		Debug|Any CPU = Debug|Any CPU
		Release|Any CPU = Release|Any CPU
	EndGlobalSection
	GlobalSection(ProjectConfigurationPlatforms) = postSolution
		{AB7224F6-6FF7-4B80-90C7-259065FF7B32}.Debug|Any CPU.ActiveCfg = Debug|Any CPU
		{AB7224F6-6FF7-4B80-90C7-259065FF7B32}.Debug|Any CPU.Build.0 = Debug|Any CPU
		{AB7224F6-6FF7-4B80-90C7-259065FF7B32}.Release|Any CPU.ActiveCfg = Release|Any CPU
		{AB7224F6-6FF7-4B80-90C7-259065FF7B32}.Release|Any CPU.Build.0 = Release|Any CPU
	EndGlobalSection
	GlobalSection(SolutionProperties) = preSolution
		HideSolutionNode = FALSE
	EndGlobalSection
	GlobalSection(ExtensibilityGlobals) = postSolution
		SolutionGuid = {6EBA65F0-7760-42C4-B23E-7D66AA3B56E0}
	EndGlobalSection
EndGlobal
